{
  "name": "aerocraft-bear-forgestack",
  "version": "0.1.1",
  "lockfileVersion": 3,
  "requires": true,
  "packages": {
    "": {
      "name": "aerocraft-bear-forgestack",
      "version": "0.1.1",
      "hasInstallScript": true,
      "dependencies": {
        "@forgedevstack/aerocraft": "file:../aerocraft"
      },
      "devDependencies": {
        "@types/node": "^22.10.7",
        "@types/vscode": "^1.85.0",
        "typescript": "^5.7.3"
      },
      "engines": {
        "vscode": "^1.85.0"
      }
    },
    "../aerocraft": {
      "name": "@forgedevstack/aerocraft",
      "version": "1.0.0",
      "license": "MIT",
      "dependencies": {
        "glob": "^10.4.5"
      },
      "bin": {
        "aerocraft": "bin/aerocraft.mjs"
      },
      "devDependencies": {
        "@types/node": "^22.10.7",
        "@types/react": "^19.2.14",
        "postcss": "^8.4.49",
        "react": "^19.2.5",
        "typescript": "^5.7.3",
        "vite": "^6.0.7",
        "vite-plugin-dts": "^4.4.0"
      },
      "peerDependencies": {
        "postcss": ">=8.0.0",
        "react": ">=17"
      },
      "peerDependenciesMeta": {
        "postcss": {
          "optional": true
        },
        "react": {
          "optional": true
        }
      }
    },
    "node_modules/@forgedevstack/aerocraft": {
      "resolved": "../aerocraft",
      "link": true
    },
    "node_modules/@types/node": {
      "version": "22.19.17",
      "resolved": "https://registry.npmjs.org/@types/node/-/node-22.19.17.tgz",
      "integrity": "sha512-wGdMcf+vPYM6jikpS/qhg6WiqSV/OhG+jeeHT/KlVqxYfD40iYJf9/AE1uQxVWFvU7MipKRkRv8NSHiCGgPr8Q==",
      "dev": true,
      "dependencies": {
        "undici-types": "~6.21.0"
      }
    },
    "node_modules/@types/vscode": {
      "version": "1.116.0",
      "resolved": "https://registry.npmjs.org/@types/vscode/-/vscode-1.116.0.tgz",
      "integrity": "sha512-sYHp4MO6BqJ2PD7Hjt0hlIS3tMaYsVPJrd0RUjDJ8HtOYnyJIEej0bLSccM8rE77WrC+Xox/kdBwEFDO8MsxNA==",
      "dev": true
    },
    "node_modules/typescript": {
      "version": "5.9.3",
      "resolved": "https://registry.npmjs.org/typescript/-/typescript-5.9.3.tgz",
      "integrity": "sha512-jl1vZzPDinLr9eUt3J/t7V6FgNEw9QjvBPdysz9KfQDD41fQrC2Y4vKQdiaUpFT4bXlb1RHhLpp8wtm6M5TgSw==",
      "dev": true,
      "bin": {
        "tsc": "bin/tsc",
        "tsserver": "bin/tsserver"
      },
      "engines": {
        "node": ">=14.17"
      }
    },
    "node_modules/undici-types": {
      "version": "6.21.0",
      "resolved": "https://registry.npmjs.org/undici-types/-/undici-types-6.21.0.tgz",
      "integrity": "sha512-iwDZqg0QAGrg9Rav5H4n0M64c3mkR59cJ6wQp+7C4nI0gsmExaedaYLNO44eT4AtBBwjbTiGPMlt2Md0T9H9JQ==",
      "dev": true
    }
  }
}
